
Microsoft Visual Studio Solution File, Format Version 12.00
# Visual Studio 2012
Project("{FAE04EC0-301F-11D3-BF4B-00C04F79EFBC}") = "blog", "blog\blog.csproj", "{C06C3D56-4B38-45D3-AAE6-98F4912A48A0}"
EndProject
Global
	GlobalSection(SolutionConfigurationPlatforms) = preSolution
		Debug|Any CPU = Debug|Any CPU
		Release|Any CPU = Release|Any CPU
	EndGlobalSection
	GlobalSection(ProjectConfigurationPlatforms) = postSolution
		{C06C3D56-4B38-45D3-AAE6-98F4912A48A0}.Debug|Any CPU.ActiveCfg = Debug|Any CPU
		{C06C3D56-4B38-45D3-AAE6-98F4912A48A0}.Debug|Any CPU.Build.0 = Debug|Any CPU
		{C06C3D56-4B38-45D3-AAE6-98F4912A48A0}.Release|Any CPU.ActiveCfg = Release|Any CPU
		{C06C3D56-4B38-45D3-AAE6-98F4912A48A0}.Release|Any CPU.Build.0 = Release|Any CPU
	EndGlobalSection
	GlobalSection(SolutionProperties) = preSolution
		HideSolutionNode = FALSE
	EndGlobalSection
EndGlobal
